
Microsoft Visual Studio Solution File, Format Version 12.00
# Visual Studio Version 17
VisualStudioVersion = 17.0.31903.59
MinimumVisualStudioVersion = 10.0.40219.1
Project("{9A19103F-16F7-4668-BE54-9A1E7A4F7556}") = "eitanm_supercom_assignment", "eitanm_supercom_assignment.csproj", "{7AE1D32D-DCD5-43F1-AC21-6104F74C41CF}"
EndProject
Global
	GlobalSection(SolutionConfigurationPlatforms) = preSolution
		Debug|Any CPU = Debug|Any CPU
		Release|Any CPU = Release|Any CPU
	EndGlobalSection
	GlobalSection(ProjectConfigurationPlatforms) = postSolution
		{7AE1D32D-DCD5-43F1-AC21-6104F74C41CF}.Debug|Any CPU.ActiveCfg = Debug|Any CPU
		{7AE1D32D-DCD5-43F1-AC21-6104F74C41CF}.Debug|Any CPU.Build.0 = Debug|Any CPU
		{7AE1D32D-DCD5-43F1-AC21-6104F74C41CF}.Release|Any CPU.ActiveCfg = Release|Any CPU
		{7AE1D32D-DCD5-43F1-AC21-6104F74C41CF}.Release|Any CPU.Build.0 = Release|Any CPU
	EndGlobalSection
	GlobalSection(SolutionProperties) = preSolution
		HideSolutionNode = FALSE
	EndGlobalSection
	GlobalSection(ExtensibilityGlobals) = postSolution
		SolutionGuid = {00273420-58F3-4D63-AD91-E5CF9A6146A2}
	EndGlobalSection
EndGlobal
